// !$*UTF8*$!
{
	archiveVersion = 1;
	classes = {
	};
	objectVersion = 56;
	objects = {

/* Begin PBXAggregateTarget section */
		1468A50C2CC884F90095A8FA /* iHubSDKAggregate */ = {
			isa = PBXAggregateTarget;
			buildConfigurationList = 1468A50D2CC884F90095A8FA /* Build configuration list for PBXAggregateTarget "iHubSDKAggregate" */;
			buildPhases = (
				1468A5102CC885140095A8FA /* ShellScript */,
			);
			dependencies = (
				1468A5202CC8911C0095A8FA /* PBXTargetDependency */,
			);
			name = iHubSDKAggregate;
			productName = iHubSDKAggregate;
		};
/* End PBXAggregateTarget section */

/* Begin PBXBuildFile section */
		10036F557486260B79BDADD9 /* Pods_iHubSDK.framework in Frameworks */ = {isa = PBXBuildFile; fileRef = 44B0A7781C0A8D2DC2320C81 /* Pods_iHubSDK.framework */; };
		1461C9982CD205BB0051DB0D /* Localizable.strings in Resources */ = {isa = PBXBuildFile; fileRef = 1461C9962CD205AB0051DB0D /* Localizable.strings */; };
		14647BCC2CCA289100A7124A /* Extension_String.swift in Sources */ = {isa = PBXBuildFile; fileRef = 14647BC22CCA289100A7124A /* Extension_String.swift */; };
		14647BCE2CCA289100A7124A /* iHubLanguageManager.swift in Sources */ = {isa = PBXBuildFile; fileRef = 14647BC72CCA289100A7124A /* iHubLanguageManager.swift */; };
		14647BCF2CCA289100A7124A /* iHubSDK.docc in Sources */ = {isa = PBXBuildFile; fileRef = 14647BC92CCA289100A7124A /* iHubSDK.docc */; };
		14647BD02CCA289100A7124A /* iHubSDK.h in Headers */ = {isa = PBXBuildFile; fileRef = 14647BC82CCA289100A7124A /* iHubSDK.h */; settings = {ATTRIBUTES = (Public, ); }; };
/* End PBXBuildFile section */

/* Begin PBXContainerItemProxy section */
		1468A51F2CC8911C0095A8FA /* PBXContainerItemProxy */ = {
			isa = PBXContainerItemProxy;
			containerPortal = 1468A4EF2CC87FE10095A8FA /* Project object */;
			proxyType = 1;
			remoteGlobalIDString = 1468A4F72CC87FE10095A8FA;
			remoteInfo = iHubSDK;
		};
/* End PBXContainerItemProxy section */

/* Begin PBXCopyFilesBuildPhase section */
		145A1A922CD0803D00216FDC /* Embed Frameworks */ = {
			isa = PBXCopyFilesBuildPhase;
			buildActionMask = 2147483647;
			dstPath = "";
			dstSubfolderSpec = 10;
			files = (
			);
			name = "Embed Frameworks";
			runOnlyForDeploymentPostprocessing = 0;
		};
/* End PBXCopyFilesBuildPhase section */

/* Begin PBXFileReference section */
		1461C9902CD2011B0051DB0D /* en */ = {isa = PBXFileReference; lastKnownFileType = text.plist.strings; name = en; path = en.lproj/Localizable.strings; sourceTree = "<group>"; };
		1461C9912CD2011B0051DB0D /* zh-Hant */ = {isa = PBXFileReference; lastKnownFileType = text.plist.strings; name = "zh-Hant"; path = "zh-Hant.lproj/Localizable.strings"; sourceTree = "<group>"; };
		1461C9952CD205AB0051DB0D /* en */ = {isa = PBXFileReference; lastKnownFileType = text.plist.strings; name = en; path = Localizable.strings; sourceTree = "<group>"; };
		1461C9992CD2060C0051DB0D /* zh-Hant */ = {isa = PBXFileReference; lastKnownFileType = text.plist.strings; name = "zh-Hant"; path = Localizable.strings; sourceTree = "<group>"; };
		14647BC22CCA289100A7124A /* Extension_String.swift */ = {isa = PBXFileReference; lastKnownFileType = sourcecode.swift; path = Extension_String.swift; sourceTree = "<group>"; };
		14647BC72CCA289100A7124A /* iHubLanguageManager.swift */ = {isa = PBXFileReference; lastKnownFileType = sourcecode.swift; path = iHubLanguageManager.swift; sourceTree = "<group>"; };
		14647BC82CCA289100A7124A /* iHubSDK.h */ = {isa = PBXFileReference; lastKnownFileType = sourcecode.c.h; path = iHubSDK.h; sourceTree = "<group>"; };
		14647BC92CCA289100A7124A /* iHubSDK.docc */ = {isa = PBXFileReference; lastKnownFileType = folder.documentationcatalog; path = iHubSDK.docc; sourceTree = "<group>"; };
		1468A4F82CC87FE10095A8FA /* iHubSDK.framework */ = {isa = PBXFileReference; explicitFileType = wrapper.framework; includeInIndex = 0; path = iHubSDK.framework; sourceTree = BUILT_PRODUCTS_DIR; };
		44B0A7781C0A8D2DC2320C81 /* Pods_iHubSDK.framework */ = {isa = PBXFileReference; explicitFileType = wrapper.framework; includeInIndex = 0; path = Pods_iHubSDK.framework; sourceTree = BUILT_PRODUCTS_DIR; };
		90360AE40674FF63BB389B60 /* Pods-iHubSDK.release.xcconfig */ = {isa = PBXFileReference; includeInIndex = 1; lastKnownFileType = text.xcconfig; name = "Pods-iHubSDK.release.xcconfig"; path = "Target Support Files/Pods-iHubSDK/Pods-iHubSDK.release.xcconfig"; sourceTree = "<group>"; };
		9F97403A86E909CB1A53EA9C /* Pods-iHubSDK.debug.xcconfig */ = {isa = PBXFileReference; includeInIndex = 1; lastKnownFileType = text.xcconfig; name = "Pods-iHubSDK.debug.xcconfig"; path = "Target Support Files/Pods-iHubSDK/Pods-iHubSDK.debug.xcconfig"; sourceTree = "<group>"; };
/* End PBXFileReference section */

/* Begin PBXFrameworksBuildPhase section */
		1468A4F52CC87FE10095A8FA /* Frameworks */ = {
			isa = PBXFrameworksBuildPhase;
			buildActionMask = 2147483647;
			files = (
				10036F557486260B79BDADD9 /* Pods_iHubSDK.framework in Frameworks */,
			);
			runOnlyForDeploymentPostprocessing = 0;
		};
/* End PBXFrameworksBuildPhase section */

/* Begin PBXGroup section */
		1461C9932CD2011B0051DB0D /* Resources */ = {
			isa = PBXGroup;
			children = (
				1461C9922CD2011B0051DB0D /* Localizable.strings */,
			);
			path = Resources;
			sourceTree = "<group>";
		};
		1461C9972CD205AB0051DB0D /* en.lproj */ = {
			isa = PBXGroup;
			children = (
				1461C9962CD205AB0051DB0D /* Localizable.strings */,
			);
			name = en.lproj;
			path = Resources/en.lproj;
			sourceTree = "<group>";
		};
		1461C99B2CD2060C0051DB0D /* zh-Hant.lproj */ = {
			isa = PBXGroup;
			children = (
				1461C99A2CD2060C0051DB0D /* Localizable.strings */,
			);
			name = "zh-Hant.lproj";
			path = "Resources/zh-Hant.lproj";
			sourceTree = "<group>";
		};
		14647BCA2CCA289100A7124A /* iHubSDK */ = {
			isa = PBXGroup;
			children = (
				14647BC22CCA289100A7124A /* Extension_String.swift */,
				14647BC72CCA289100A7124A /* iHubLanguageManager.swift */,
				14647BC82CCA289100A7124A /* iHubSDK.h */,
				14647BC92CCA289100A7124A /* iHubSDK.docc */,
			);
			path = iHubSDK;
			sourceTree = "<group>";
		};
		1468A4EE2CC87FE10095A8FA = {
			isa = PBXGroup;
			children = (
				1461C99B2CD2060C0051DB0D /* zh-Hant.lproj */,
				1461C9972CD205AB0051DB0D /* en.lproj */,
				1461C9932CD2011B0051DB0D /* Resources */,
				14647BCA2CCA289100A7124A /* iHubSDK */,
				1468A4F92CC87FE10095A8FA /* Products */,
				ECF86B1DA6C29720CE9F1BBD /* Pods */,
				C0169AF76451C5F6B28352A5 /* Frameworks */,
			);
			sourceTree = "<group>";
		};
		1468A4F92CC87FE10095A8FA /* Products */ = {
			isa = PBXGroup;
			children = (
				1468A4F82CC87FE10095A8FA /* iHubSDK.framework */,
			);
			name = Products;
			sourceTree = "<group>";
		};
		C0169AF76451C5F6B28352A5 /* Frameworks */ = {
			isa = PBXGroup;
			children = (
				44B0A7781C0A8D2DC2320C81 /* Pods_iHubSDK.framework */,
			);
			name = Frameworks;
			sourceTree = "<group>";
		};
		ECF86B1DA6C29720CE9F1BBD /* Pods */ = {
			isa = PBXGroup;
			children = (
				9F97403A86E909CB1A53EA9C /* Pods-iHubSDK.debug.xcconfig */,
				90360AE40674FF63BB389B60 /* Pods-iHubSDK.release.xcconfig */,
			);
			path = Pods;
			sourceTree = "<group>";
		};
/* End PBXGroup section */

/* Begin PBXHeadersBuildPhase section */
		1468A4F32CC87FE10095A8FA /* Headers */ = {
			isa = PBXHeadersBuildPhase;
			buildActionMask = 2147483647;
			files = (
				14647BD02CCA289100A7124A /* iHubSDK.h in Headers */,
			);
			runOnlyForDeploymentPostprocessing = 0;
		};
/* End PBXHeadersBuildPhase section */

/* Begin PBXNativeTarget section */
		1468A4F72CC87FE10095A8FA /* iHubSDK */ = {
			isa = PBXNativeTarget;
			buildConfigurationList = 1468A5002CC87FE10095A8FA /* Build configuration list for PBXNativeTarget "iHubSDK" */;
			buildPhases = (
				7192B7062A36B64535E87014 /* [CP] Check Pods Manifest.lock */,
				1468A4F32CC87FE10095A8FA /* Headers */,
				1468A4F42CC87FE10095A8FA /* Sources */,
				1468A4F52CC87FE10095A8FA /* Frameworks */,
				1468A4F62CC87FE10095A8FA /* Resources */,
				145A1A922CD0803D00216FDC /* Embed Frameworks */,
			);
			buildRules = (
			);
			dependencies = (
			);
			name = iHubSDK;
			productName = iHubSDK;
			productReference = 1468A4F82CC87FE10095A8FA /* iHubSDK.framework */;
			productType = "com.apple.product-type.framework";
		};
/* End PBXNativeTarget section */

/* Begin PBXProject section */
		1468A4EF2CC87FE10095A8FA /* Project object */ = {
			isa = PBXProject;
			attributes = {
				BuildIndependentTargetsInParallel = 1;
				LastUpgradeCheck = 1600;
				TargetAttributes = {
					1468A4F72CC87FE10095A8FA = {
						CreatedOnToolsVersion = 16.0;
					};
					1468A50C2CC884F90095A8FA = {
						CreatedOnToolsVersion = 16.0;
					};
				};
			};
			buildConfigurationList = 1468A4F22CC87FE10095A8FA /* Build configuration list for PBXProject "iHubSDK" */;
			compatibilityVersion = "Xcode 14.0";
			developmentRegion = en;
			hasScannedForEncodings = 0;
			knownRegions = (
				en,
				Base,
				"zh-Hant",
			);
			mainGroup = 1468A4EE2CC87FE10095A8FA;
			productRefGroup = 1468A4F92CC87FE10095A8FA /* Products */;
			projectDirPath = "";
			projectRoot = "";
			targets = (
				1468A4F72CC87FE10095A8FA /* iHubSDK */,
				1468A50C2CC884F90095A8FA /* iHubSDKAggregate */,
			);
		};
/* End PBXProject section */

/* Begin PBXResourcesBuildPhase section */
		1468A4F62CC87FE10095A8FA /* Resources */ = {
			isa = PBXResourcesBuildPhase;
			buildActionMask = 2147483647;
			files = (
				1461C9982CD205BB0051DB0D /* Localizable.strings in Resources */,
			);
			runOnlyForDeploymentPostprocessing = 0;
		};
/* End PBXResourcesBuildPhase section */

/* Begin PBXShellScriptBuildPhase section */
		1468A5102CC885140095A8FA /* ShellScript */ = {
			isa = PBXShellScriptBuildPhase;
			buildActionMask = 2147483647;
			files = (
			);
			inputFileListPaths = (
			);
			inputPaths = (
			);
			outputFileListPaths = (
			);
			outputPaths = (
			);
			runOnlyForDeploymentPostprocessing = 0;
			shellPath = /bin/sh;
			shellScript = "# 設置變量\nFRAMEWORK_NAME=\"iHubSDK\"\nSIMULATOR_ARCHIVE_PATH=\"${BUILD_DIR}/${CONFIGURATION}-iphonesimulator/${FRAMEWORK_NAME}.framework\"\nDEVICE_ARCHIVE_PATH=\"${BUILD_DIR}/${CONFIGURATION}-iphoneos/${FRAMEWORK_NAME}.framework\"\nOUTPUT_PATH=\"./Output/${FRAMEWORK_NAME}.xcframework\"\n\n# 創建 XCFramework\nxcodebuild -create-xcframework \\\n    -framework \"${SIMULATOR_ARCHIVE_PATH}\" \\\n    -framework \"${DEVICE_ARCHIVE_PATH}\" \\\n    -output \"${OUTPUT_PATH}\"\n";
		};
		7192B7062A36B64535E87014 /* [CP] Check Pods Manifest.lock */ = {
			isa = PBXShellScriptBuildPhase;
			buildActionMask = 2147483647;
			files = (
			);
			inputFileListPaths = (
			);
			inputPaths = (
				"${PODS_PODFILE_DIR_PATH}/Podfile.lock",
				"${PODS_ROOT}/Manifest.lock",
			);
			name = "[CP] Check Pods Manifest.lock";
			outputFileListPaths = (
			);
			outputPaths = (
				"$(DERIVED_FILE_DIR)/Pods-iHubSDK-checkManifestLockResult.txt",
			);
			runOnlyForDeploymentPostprocessing = 0;
			shellPath = /bin/sh;
			shellScript = "diff \"${PODS_PODFILE_DIR_PATH}/Podfile.lock\" \"${PODS_ROOT}/Manifest.lock\" > /dev/null\nif [ $? != 0 ] ; then\n    # print error to STDERR\n    echo \"error: The sandbox is not in sync with the Podfile.lock. Run 'pod install' or update your CocoaPods installation.\" >&2\n    exit 1\nfi\n# This output is used by Xcode 'outputs' to avoid re-running this script phase.\necho \"SUCCESS\" > \"${SCRIPT_OUTPUT_FILE_0}\"\n";
			showEnvVarsInLog = 0;
		};
/* End PBXShellScriptBuildPhase section */

/* Begin PBXSourcesBuildPhase section */
		1468A4F42CC87FE10095A8FA /* Sources */ = {
			isa = PBXSourcesBuildPhase;
			buildActionMask = 2147483647;
			files = (
				14647BCC2CCA289100A7124A /* Extension_String.swift in Sources */,
				14647BCE2CCA289100A7124A /* iHubLanguageManager.swift in Sources */,
				14647BCF2CCA289100A7124A /* iHubSDK.docc in Sources */,
			);
			runOnlyForDeploymentPostprocessing = 0;
		};
/* End PBXSourcesBuildPhase section */

/* Begin PBXTargetDependency section */
		1468A5202CC8911C0095A8FA /* PBXTargetDependency */ = {
			isa = PBXTargetDependency;
			target = 1468A4F72CC87FE10095A8FA /* iHubSDK */;
			targetProxy = 1468A51F2CC8911C0095A8FA /* PBXContainerItemProxy */;
		};
/* End PBXTargetDependency section */

/* Begin PBXVariantGroup section */
		1461C9922CD2011B0051DB0D /* Localizable.strings */ = {
			isa = PBXVariantGroup;
			children = (
				1461C9902CD2011B0051DB0D /* en */,
				1461C9912CD2011B0051DB0D /* zh-Hant */,
			);
			name = Localizable.strings;
			sourceTree = "<group>";
		};
		1461C9962CD205AB0051DB0D /* Localizable.strings */ = {
			isa = PBXVariantGroup;
			children = (
				1461C9952CD205AB0051DB0D /* en */,
			);
			name = Localizable.strings;
			sourceTree = "<group>";
		};
		1461C99A2CD2060C0051DB0D /* Localizable.strings */ = {
			isa = PBXVariantGroup;
			children = (
				1461C9992CD2060C0051DB0D /* zh-Hant */,
			);
			name = Localizable.strings;
			sourceTree = "<group>";
		};
/* End PBXVariantGroup section */

/* Begin XCBuildConfiguration section */
		1468A5012CC87FE10095A8FA /* Debug */ = {
			isa = XCBuildConfiguration;
			baseConfigurationReference = 9F97403A86E909CB1A53EA9C /* Pods-iHubSDK.debug.xcconfig */;
			buildSettings = {
				BITCODE_GENRATION_MODE = bitcode;
				BUILD_LIBRARY_FOR_DISTRIBUTION = YES;
				CODE_SIGN_STYLE = Automatic;
				CURRENT_PROJECT_VERSION = 2;
				DEFINES_MODULE = YES;
				DEVELOPMENT_TEAM = 3225266GV6;
				DYLIB_COMPATIBILITY_VERSION = 1;
				DYLIB_CURRENT_VERSION = 1;
				DYLIB_INSTALL_NAME_BASE = "@rpath";
				ENABLE_MODULE_VERIFIER = YES;
				ENABLE_USER_SCRIPT_SANDBOXING = NO;
				EXCLUDED_ARCHS = "";
				FRAMEWORK_SEARCH_PATHS = (
					"$(inherited)",
					"$(PROJECT_DIR)/iHubSDK",
					"$(PROJECT_DIR)",
					"$(SRCROOT)",
				);
				GENERATE_INFOPLIST_FILE = YES;
				HEADER_SEARCH_PATHS = (
					"$(inherited)",
					"\"${PODS_CONFIGURATION_BUILD_DIR}/Alamofire/Alamofire.framework/Headers\"",
					"\"${PODS_CONFIGURATION_BUILD_DIR}/Differentiator/Differentiator.framework/Headers\"",
					"\"${PODS_CONFIGURATION_BUILD_DIR}/Realm/Realm.framework/Headers\"",
					"\"${PODS_CONFIGURATION_BUILD_DIR}/RealmSwift/RealmSwift.framework/Headers\"",
					"\"${PODS_CONFIGURATION_BUILD_DIR}/RxAlamofire/RxAlamofire.framework/Headers\"",
					"\"${PODS_CONFIGURATION_BUILD_DIR}/RxCocoa/RxCocoa.framework/Headers\"",
					"\"${PODS_CONFIGURATION_BUILD_DIR}/RxDataSources/RxDataSources.framework/Headers\"",
					"\"${PODS_CONFIGURATION_BUILD_DIR}/RxGesture/RxGesture.framework/Headers\"",
					"\"${PODS_CONFIGURATION_BUILD_DIR}/RxRealm/RxRealm.framework/Headers\"",
					"\"${PODS_CONFIGURATION_BUILD_DIR}/RxRelay/RxRelay.framework/Headers\"",
					"\"${PODS_CONFIGURATION_BUILD_DIR}/RxSwift/RxSwift.framework/Headers\"",
					"\"${PODS_CONFIGURATION_BUILD_DIR}/RxUIAlert/RxUIAlert.framework/Headers\"",
					"\"${PODS_XCFRAMEWORKS_BUILD_DIR}/Realm/Headers\"",
					"$(SRCROOT)/videoSDK.framework/Headers/**",
				);
				INFOPLIST_KEY_NSHumanReadableCopyright = "";
				INSTALL_PATH = "$(LOCAL_LIBRARY_DIR)/Frameworks";
				LD_RUNPATH_SEARCH_PATHS = (
					"$(inherited)",
					"@executable_path/Frameworks",
					"@loader_path/Frameworks",
				);
				LIBRARY_SEARCH_PATHS = (
					"$(inherited)",
					"\"${PODS_XCFRAMEWORKS_BUILD_DIR}/Realm\"",
					"\"${TOOLCHAIN_DIR}/usr/lib/swift/${PLATFORM_NAME}\"",
					/usr/lib/swift,
					"$(SRCROOT)/videoSDK.framework",
				);
				MACH_O_TYPE = staticlib;
				MARKETING_VERSION = 1.0.73;
				MODULE_VERIFIER_SUPPORTED_LANGUAGES = "objective-c objective-c++";
				MODULE_VERIFIER_SUPPORTED_LANGUAGE_STANDARDS = "gnu17 gnu++20";
				OTHER_LDFLAGS = "-ObjC";
				PRODUCT_BUNDLE_IDENTIFIER = tw.com.visionsecurity.swdept3.ihub.sdk.iHubSDK;
				PRODUCT_NAME = "$(TARGET_NAME:c99extidentifier)";
				SKIP_INSTALL = YES;
				SWIFT_EMIT_LOC_STRINGS = YES;
				SWIFT_INSTALL_OBJC_HEADER = YES;
				SWIFT_OBJC_BRIDGING_HEADER = "";
				SWIFT_VERSION = 5.0;
				TARGETED_DEVICE_FAMILY = "1,2";
			};
			name = Debug;
		};
		1468A5022CC87FE10095A8FA /* Release */ = {
			isa = XCBuildConfiguration;
			baseConfigurationReference = 90360AE40674FF63BB389B60 /* Pods-iHubSDK.release.xcconfig */;
			buildSettings = {
				BITCODE_GENRATION_MODE = bitcode;
				BUILD_LIBRARY_FOR_DISTRIBUTION = YES;
				CODE_SIGN_STYLE = Automatic;
				CURRENT_PROJECT_VERSION = 2;
				DEFINES_MODULE = YES;
				DEVELOPMENT_TEAM = 3225266GV6;
				DYLIB_COMPATIBILITY_VERSION = 1;
				DYLIB_CURRENT_VERSION = 1;
				DYLIB_INSTALL_NAME_BASE = "@rpath";
				ENABLE_MODULE_VERIFIER = YES;
				ENABLE_USER_SCRIPT_SANDBOXING = NO;
				EXCLUDED_ARCHS = "";
				FRAMEWORK_SEARCH_PATHS = (
					"$(inherited)",
					"$(PROJECT_DIR)/iHubSDK",
					"$(PROJECT_DIR)",
					"$(SRCROOT)",
				);
				GENERATE_INFOPLIST_FILE = YES;
				HEADER_SEARCH_PATHS = (
					"$(inherited)",
					"\"${PODS_CONFIGURATION_BUILD_DIR}/Alamofire/Alamofire.framework/Headers\"",
					"\"${PODS_CONFIGURATION_BUILD_DIR}/Differentiator/Differentiator.framework/Headers\"",
					"\"${PODS_CONFIGURATION_BUILD_DIR}/Realm/Realm.framework/Headers\"",
					"\"${PODS_CONFIGURATION_BUILD_DIR}/RealmSwift/RealmSwift.framework/Headers\"",
					"\"${PODS_CONFIGURATION_BUILD_DIR}/RxAlamofire/RxAlamofire.framework/Headers\"",
					"\"${PODS_CONFIGURATION_BUILD_DIR}/RxCocoa/RxCocoa.framework/Headers\"",
					"\"${PODS_CONFIGURATION_BUILD_DIR}/RxDataSources/RxDataSources.framework/Headers\"",
					"\"${PODS_CONFIGURATION_BUILD_DIR}/RxGesture/RxGesture.framework/Headers\"",
					"\"${PODS_CONFIGURATION_BUILD_DIR}/RxRealm/RxRealm.framework/Headers\"",
					"\"${PODS_CONFIGURATION_BUILD_DIR}/RxRelay/RxRelay.framework/Headers\"",
					"\"${PODS_CONFIGURATION_BUILD_DIR}/RxSwift/RxSwift.framework/Headers\"",
					"\"${PODS_CONFIGURATION_BUILD_DIR}/RxUIAlert/RxUIAlert.framework/Headers\"",
					"\"${PODS_XCFRAMEWORKS_BUILD_DIR}/Realm/Headers\"",
					"$(SRCROOT)/videoSDK.framework/Headers/**",
				);
				INFOPLIST_KEY_NSHumanReadableCopyright = "";
				INSTALL_PATH = "$(LOCAL_LIBRARY_DIR)/Frameworks";
				LD_RUNPATH_SEARCH_PATHS = (
					"$(inherited)",
					"@executable_path/Frameworks",
					"@loader_path/Frameworks",
				);
				LIBRARY_SEARCH_PATHS = (
					"$(inherited)",
					"\"${PODS_XCFRAMEWORKS_BUILD_DIR}/Realm\"",
					"\"${TOOLCHAIN_DIR}/usr/lib/swift/${PLATFORM_NAME}\"",
					/usr/lib/swift,
					"$(SRCROOT)/videoSDK.framework",
				);
				MACH_O_TYPE = staticlib;
				MARKETING_VERSION = 1.0.73;
				MODULE_VERIFIER_SUPPORTED_LANGUAGES = "objective-c objective-c++";
				MODULE_VERIFIER_SUPPORTED_LANGUAGE_STANDARDS = "gnu17 gnu++20";
				OTHER_LDFLAGS = "-ObjC";
				PRODUCT_BUNDLE_IDENTIFIER = tw.com.visionsecurity.swdept3.ihub.sdk.iHubSDK;
				PRODUCT_NAME = "$(TARGET_NAME:c99extidentifier)";
				SKIP_INSTALL = YES;
				SWIFT_EMIT_LOC_STRINGS = YES;
				SWIFT_INSTALL_OBJC_HEADER = YES;
				SWIFT_OBJC_BRIDGING_HEADER = "";
				SWIFT_VERSION = 5.0;
				TARGETED_DEVICE_FAMILY = "1,2";
			};
			name = Release;
		};
		1468A5032CC87FE10095A8FA /* Debug */ = {
			isa = XCBuildConfiguration;
			buildSettings = {
				ALWAYS_SEARCH_USER_PATHS = NO;
				ASSETCATALOG_COMPILER_GENERATE_SWIFT_ASSET_SYMBOL_EXTENSIONS = YES;
				CLANG_ANALYZER_NONNULL = YES;
				CLANG_ANALYZER_NUMBER_OBJECT_CONVERSION = YES_AGGRESSIVE;
				CLANG_CXX_LANGUAGE_STANDARD = "gnu++20";
				CLANG_ENABLE_MODULES = YES;
				CLANG_ENABLE_OBJC_ARC = YES;
				CLANG_ENABLE_OBJC_WEAK = YES;
				CLANG_WARN_BLOCK_CAPTURE_AUTORELEASING = YES;
				CLANG_WARN_BOOL_CONVERSION = YES;
				CLANG_WARN_COMMA = YES;
				CLANG_WARN_CONSTANT_CONVERSION = YES;
				CLANG_WARN_DEPRECATED_OBJC_IMPLEMENTATIONS = YES;
				CLANG_WARN_DIRECT_OBJC_ISA_USAGE = YES_ERROR;
				CLANG_WARN_DOCUMENTATION_COMMENTS = YES;
				CLANG_WARN_EMPTY_BODY = YES;
				CLANG_WARN_ENUM_CONVERSION = YES;
				CLANG_WARN_INFINITE_RECURSION = YES;
				CLANG_WARN_INT_CONVERSION = YES;
				CLANG_WARN_NON_LITERAL_NULL_CONVERSION = YES;
				CLANG_WARN_OBJC_IMPLICIT_RETAIN_SELF = YES;
				CLANG_WARN_OBJC_LITERAL_CONVERSION = YES;
				CLANG_WARN_OBJC_ROOT_CLASS = YES_ERROR;
				CLANG_WARN_QUOTED_INCLUDE_IN_FRAMEWORK_HEADER = YES;
				CLANG_WARN_RANGE_LOOP_ANALYSIS = YES;
				CLANG_WARN_STRICT_PROTOTYPES = YES;
				CLANG_WARN_SUSPICIOUS_MOVE = YES;
				CLANG_WARN_UNGUARDED_AVAILABILITY = YES_AGGRESSIVE;
				CLANG_WARN_UNREACHABLE_CODE = YES;
				CLANG_WARN__DUPLICATE_METHOD_MATCH = YES;
				COPY_PHASE_STRIP = NO;
				CURRENT_PROJECT_VERSION = 2;
				DEBUG_INFORMATION_FORMAT = dwarf;
				ENABLE_STRICT_OBJC_MSGSEND = YES;
				ENABLE_TESTABILITY = YES;
				ENABLE_USER_SCRIPT_SANDBOXING = NO;
				EXCLUDED_ARCHS = "";
				GCC_C_LANGUAGE_STANDARD = gnu17;
				GCC_DYNAMIC_NO_PIC = NO;
				GCC_NO_COMMON_BLOCKS = YES;
				GCC_OPTIMIZATION_LEVEL = 0;
				GCC_PREPROCESSOR_DEFINITIONS = (
					"DEBUG=1",
					"$(inherited)",
				);
				GCC_WARN_64_TO_32_BIT_CONVERSION = YES;
				GCC_WARN_ABOUT_RETURN_TYPE = YES_ERROR;
				GCC_WARN_UNDECLARED_SELECTOR = YES;
				GCC_WARN_UNINITIALIZED_AUTOS = YES_AGGRESSIVE;
				GCC_WARN_UNUSED_FUNCTION = YES;
				GCC_WARN_UNUSED_VARIABLE = YES;
				IPHONEOS_DEPLOYMENT_TARGET = 15.6;
				LOCALIZATION_PREFERS_STRING_CATALOGS = YES;
				MACH_O_TYPE = staticlib;
				MACOSX_DEPLOYMENT_TARGET = "";
				MARKETING_VERSION = 1.0.73;
				MTL_ENABLE_DEBUG_INFO = INCLUDE_SOURCE;
				MTL_FAST_MATH = YES;
				ONLY_ACTIVE_ARCH = YES;
				SDKROOT = iphoneos;
				SWIFT_ACTIVE_COMPILATION_CONDITIONS = "DEBUG $(inherited)";
				SWIFT_OPTIMIZATION_LEVEL = "-Onone";
				VERSIONING_SYSTEM = "apple-generic";
				VERSION_INFO_PREFIX = "";
			};
			name = Debug;
		};
		1468A5042CC87FE10095A8FA /* Release */ = {
			isa = XCBuildConfiguration;
			buildSettings = {
				ALWAYS_SEARCH_USER_PATHS = NO;
				ASSETCATALOG_COMPILER_GENERATE_SWIFT_ASSET_SYMBOL_EXTENSIONS = YES;
				CLANG_ANALYZER_NONNULL = YES;
				CLANG_ANALYZER_NUMBER_OBJECT_CONVERSION = YES_AGGRESSIVE;
				CLANG_CXX_LANGUAGE_STANDARD = "gnu++20";
				CLANG_ENABLE_MODULES = YES;
				CLANG_ENABLE_OBJC_ARC = YES;
				CLANG_ENABLE_OBJC_WEAK = YES;
				CLANG_WARN_BLOCK_CAPTURE_AUTORELEASING = YES;
				CLANG_WARN_BOOL_CONVERSION = YES;
				CLANG_WARN_COMMA = YES;
				CLANG_WARN_CONSTANT_CONVERSION = YES;
				CLANG_WARN_DEPRECATED_OBJC_IMPLEMENTATIONS = YES;
				CLANG_WARN_DIRECT_OBJC_ISA_USAGE = YES_ERROR;
				CLANG_WARN_DOCUMENTATION_COMMENTS = YES;
				CLANG_WARN_EMPTY_BODY = YES;
				CLANG_WARN_ENUM_CONVERSION = YES;
				CLANG_WARN_INFINITE_RECURSION = YES;
				CLANG_WARN_INT_CONVERSION = YES;
				CLANG_WARN_NON_LITERAL_NULL_CONVERSION = YES;
				CLANG_WARN_OBJC_IMPLICIT_RETAIN_SELF = YES;
				CLANG_WARN_OBJC_LITERAL_CONVERSION = YES;
				CLANG_WARN_OBJC_ROOT_CLASS = YES_ERROR;
				CLANG_WARN_QUOTED_INCLUDE_IN_FRAMEWORK_HEADER = YES;
				CLANG_WARN_RANGE_LOOP_ANALYSIS = YES;
				CLANG_WARN_STRICT_PROTOTYPES = YES;
				CLANG_WARN_SUSPICIOUS_MOVE = YES;
				CLANG_WARN_UNGUARDED_AVAILABILITY = YES_AGGRESSIVE;
				CLANG_WARN_UNREACHABLE_CODE = YES;
				CLANG_WARN__DUPLICATE_METHOD_MATCH = YES;
				COPY_PHASE_STRIP = NO;
				CURRENT_PROJECT_VERSION = 2;
				DEBUG_INFORMATION_FORMAT = "dwarf-with-dsym";
				ENABLE_NS_ASSERTIONS = NO;
				ENABLE_STRICT_OBJC_MSGSEND = YES;
				ENABLE_USER_SCRIPT_SANDBOXING = NO;
				EXCLUDED_ARCHS = "";
				GCC_C_LANGUAGE_STANDARD = gnu17;
				GCC_NO_COMMON_BLOCKS = YES;
				GCC_WARN_64_TO_32_BIT_CONVERSION = YES;
				GCC_WARN_ABOUT_RETURN_TYPE = YES_ERROR;
				GCC_WARN_UNDECLARED_SELECTOR = YES;
				GCC_WARN_UNINITIALIZED_AUTOS = YES_AGGRESSIVE;
				GCC_WARN_UNUSED_FUNCTION = YES;
				GCC_WARN_UNUSED_VARIABLE = YES;
				IPHONEOS_DEPLOYMENT_TARGET = 15.6;
				LOCALIZATION_PREFERS_STRING_CATALOGS = YES;
				MACH_O_TYPE = staticlib;
				MACOSX_DEPLOYMENT_TARGET = "";
				MARKETING_VERSION = 1.0.73;
				MTL_ENABLE_DEBUG_INFO = NO;
				MTL_FAST_MATH = YES;
				SDKROOT = iphoneos;
				SWIFT_COMPILATION_MODE = wholemodule;
				VALIDATE_PRODUCT = YES;
				VERSIONING_SYSTEM = "apple-generic";
				VERSION_INFO_PREFIX = "";
			};
			name = Release;
		};
		1468A50E2CC884F90095A8FA /* Debug */ = {
			isa = XCBuildConfiguration;
			buildSettings = {
				CODE_SIGN_STYLE = Automatic;
				DEVELOPMENT_TEAM = 3225266GV6;
				ENABLE_USER_SCRIPT_SANDBOXING = NO;
				PRODUCT_NAME = "$(TARGET_NAME)";
			};
			name = Debug;
		};
		1468A50F2CC884F90095A8FA /* Release */ = {
			isa = XCBuildConfiguration;
			buildSettings = {
				CODE_SIGN_STYLE = Automatic;
				DEVELOPMENT_TEAM = 3225266GV6;
				ENABLE_USER_SCRIPT_SANDBOXING = NO;
				PRODUCT_NAME = "$(TARGET_NAME)";
			};
			name = Release;
		};
/* End XCBuildConfiguration section */

/* Begin XCConfigurationList section */
		1468A4F22CC87FE10095A8FA /* Build configuration list for PBXProject "iHubSDK" */ = {
			isa = XCConfigurationList;
			buildConfigurations = (
				1468A5032CC87FE10095A8FA /* Debug */,
				1468A5042CC87FE10095A8FA /* Release */,
			);
			defaultConfigurationIsVisible = 0;
			defaultConfigurationName = Release;
		};
		1468A5002CC87FE10095A8FA /* Build configuration list for PBXNativeTarget "iHubSDK" */ = {
			isa = XCConfigurationList;
			buildConfigurations = (
				1468A5012CC87FE10095A8FA /* Debug */,
				1468A5022CC87FE10095A8FA /* Release */,
			);
			defaultConfigurationIsVisible = 0;
			defaultConfigurationName = Release;
		};
		1468A50D2CC884F90095A8FA /* Build configuration list for PBXAggregateTarget "iHubSDKAggregate" */ = {
			isa = XCConfigurationList;
			buildConfigurations = (
				1468A50E2CC884F90095A8FA /* Debug */,
				1468A50F2CC884F90095A8FA /* Release */,
			);
			defaultConfigurationIsVisible = 0;
			defaultConfigurationName = Release;
		};
/* End XCConfigurationList section */
	};
	rootObject = 1468A4EF2CC87FE10095A8FA /* Project object */;
}
